
Microsoft Visual Studio Solution File, Format Version 12.00
# Visual Studio 2015
Project("{FAE04EC0-301F-11D3-BF4B-00C04F79EFBC}") = "laberinto.Plugins", "laberinto.Plugins.csproj", "{91888D23-2C3C-8668-C865-CE49352944B2}"
EndProject
Project("{FAE04EC0-301F-11D3-BF4B-00C04F79EFBC}") = "laberinto", "laberinto.csproj", "{6CBB5DCC-953B-D557-78B0-C8FC1756B117}"
EndProject
Project("{FAE04EC0-301F-11D3-BF4B-00C04F79EFBC}") = "laberinto.Editor.Plugins", "laberinto.Editor.Plugins.csproj", "{0620C6D3-ACC9-B4DD-0944-04A7FF15D4F8}"
EndProject
Global
	GlobalSection(SolutionConfigurationPlatforms) = preSolution
		Debug|Any CPU = Debug|Any CPU
		Release|Any CPU = Release|Any CPU
	EndGlobalSection
	GlobalSection(ProjectConfigurationPlatforms) = postSolution
		{91888D23-2C3C-8668-C865-CE49352944B2}.Debug|Any CPU.ActiveCfg = Debug|Any CPU
		{91888D23-2C3C-8668-C865-CE49352944B2}.Debug|Any CPU.Build.0 = Debug|Any CPU
		{91888D23-2C3C-8668-C865-CE49352944B2}.Release|Any CPU.ActiveCfg = Release|Any CPU
		{91888D23-2C3C-8668-C865-CE49352944B2}.Release|Any CPU.Build.0 = Release|Any CPU
		{6CBB5DCC-953B-D557-78B0-C8FC1756B117}.Debug|Any CPU.ActiveCfg = Debug|Any CPU
		{6CBB5DCC-953B-D557-78B0-C8FC1756B117}.Debug|Any CPU.Build.0 = Debug|Any CPU
		{6CBB5DCC-953B-D557-78B0-C8FC1756B117}.Release|Any CPU.ActiveCfg = Release|Any CPU
		{6CBB5DCC-953B-D557-78B0-C8FC1756B117}.Release|Any CPU.Build.0 = Release|Any CPU
		{0620C6D3-ACC9-B4DD-0944-04A7FF15D4F8}.Debug|Any CPU.ActiveCfg = Debug|Any CPU
		{0620C6D3-ACC9-B4DD-0944-04A7FF15D4F8}.Debug|Any CPU.Build.0 = Debug|Any CPU
		{0620C6D3-ACC9-B4DD-0944-04A7FF15D4F8}.Release|Any CPU.ActiveCfg = Release|Any CPU
		{0620C6D3-ACC9-B4DD-0944-04A7FF15D4F8}.Release|Any CPU.Build.0 = Release|Any CPU
	EndGlobalSection
	GlobalSection(SolutionProperties) = preSolution
		HideSolutionNode = FALSE
	EndGlobalSection
EndGlobal
